
Microsoft Visual Studio Solution File, Format Version 12.00
# Visual Studio Version 17
VisualStudioVersion = 17.3.32901.215
MinimumVisualStudioVersion = 10.0.40219.1
Project("{2150E333-8FDC-42A3-9474-1A3956D46DE8}") = "HotReloading", "HotReloading", "{D2D5F7B2-1929-4E3F-B19C-857F110B8C08}"
EndProject
Project("{9A19103F-16F7-4668-BE54-9A1E7A4F7556}") = "HotReloadWpfApp", "HotReloadWpfApp\HotReloadWpfApp.csproj", "{21F6A467-F23C-4A36-95A0-3A80A2438D80}"
EndProject
Project("{2150E333-8FDC-42A3-9474-1A3956D46DE8}") = "PerformanceImprovements", "PerformanceImprovements", "{99BBDDA0-C495-47E9-BA8A-A74198A18423}"
EndProject
Project("{2150E333-8FDC-42A3-9474-1A3956D46DE8}") = "Misc", "Misc", "{F8EFBC90-5B91-4012-A90A-CB30640C6BF7}"
EndProject
Project("{FAE04EC0-301F-11D3-BF4B-00C04F79EFBC}") = "RefactorToGlobalUsingDirectives", "RefactorToGlobalUsingDirectives\RefactorToGlobalUsingDirectives.csproj", "{02764843-2A3C-46CF-9D05-C765BFF9F5BE}"
EndProject
Project("{FAE04EC0-301F-11D3-BF4B-00C04F79EFBC}") = "LambdaImprovementsInNet6", "LambdaImprovementsInNet6\LambdaImprovementsInNet6.csproj", "{53C45894-7797-4E28-8CB4-3B283F6EB7DF}"
EndProject
Project("{FAE04EC0-301F-11D3-BF4B-00C04F79EFBC}") = "StringInterpolationHandler", "StringInterpolationHandler\StringInterpolationHandler.csproj", "{4A019C1F-28E6-4878-94B0-2E510B6668D7}"
EndProject
Project("{FAE04EC0-301F-11D3-BF4B-00C04F79EFBC}") = "TopLevelStatements", "TopLevelStatements\TopLevelStatements.csproj", "{A23DA4DC-37CF-49D6-B0D1-FE4AFBE57881}"
EndProject
Project("{FAE04EC0-301F-11D3-BF4B-00C04F79EFBC}") = "ConsoleApp1", "ConsoleApp1\ConsoleApp1.csproj", "{139F7FE3-D197-4FA6-9C63-0F23D6A112FB}"
EndProject
Project("{2150E333-8FDC-42A3-9474-1A3956D46DE8}") = "ASP.NetCore", "ASP.NetCore", "{3004AE4F-9AF7-47AA-8D52-28172FBA2AC3}"
EndProject
Project("{2150E333-8FDC-42A3-9474-1A3956D46DE8}") = "Logging", "Logging", "{FD75F60D-F1C8-4A6A-950B-E463DB508E67}"
EndProject
Project("{2150E333-8FDC-42A3-9474-1A3956D46DE8}") = "AppConfig", "AppConfig", "{3AB09E62-15C7-4524-85A0-218282F1E9F5}"
EndProject
Project("{2150E333-8FDC-42A3-9474-1A3956D46DE8}") = "DI", "DI", "{8DBDA84B-F3DA-4AA6-8C43-722D7AF2B92B}"
EndProject
Project("{2150E333-8FDC-42A3-9474-1A3956D46DE8}") = "Kestrel", "Kestrel", "{506279F0-A826-44E5-B610-F91E83B4F9C7}"
EndProject
Project("{2150E333-8FDC-42A3-9474-1A3956D46DE8}") = "Hosting", "Hosting", "{91E6AAA9-041A-464A-97D0-69F56CED9A94}"
EndProject
Project("{2150E333-8FDC-42A3-9474-1A3956D46DE8}") = "Middleware", "Middleware", "{78102F79-0D09-47D2-B745-4523C7C58324}"
EndProject
Project("{2150E333-8FDC-42A3-9474-1A3956D46DE8}") = "EndPointRouting", "EndPointRouting", "{F96B26BA-9E6F-4A88-99D1-B97A40B630E1}"
EndProject
Project("{2150E333-8FDC-42A3-9474-1A3956D46DE8}") = "Identity", "Identity", "{675902B7-4FF1-4E89-85B7-2D4126F292DC}"
EndProject
Project("{2150E333-8FDC-42A3-9474-1A3956D46DE8}") = "ModelBindingAndOutputGeneration", "ModelBindingAndOutputGeneration", "{A2BE1A60-00BA-4A15-9F3A-E7AF66879234}"
EndProject
Project("{FAE04EC0-301F-11D3-BF4B-00C04F79EFBC}") = "AspnetLoggingSample", "AspnetLoggingSample\AspnetLoggingSample.csproj", "{59178DB6-094E-4471-85C2-D8D785FECCFF}"
EndProject
Project("{FAE04EC0-301F-11D3-BF4B-00C04F79EFBC}") = "NLogIntegratedApi", "NLogIntegratedApi\NLogIntegratedApi.csproj", "{0705A486-8DE8-4498-A60E-DB52499F8661}"
EndProject
Project("{2150E333-8FDC-42A3-9474-1A3956D46DE8}") = "MinimalWebAPI", "MinimalWebAPI", "{879C0AED-1212-45E1-8CEB-91C750FEB9DC}"
EndProject
Project("{FAE04EC0-301F-11D3-BF4B-00C04F79EFBC}") = "MinimalWebApiExample", "MinimalWebApiExample\MinimalWebApiExample.csproj", "{739C815A-7244-4353-BAAA-526E484DCF8C}"
EndProject
Project("{FAE04EC0-301F-11D3-BF4B-00C04F79EFBC}") = "ConfigureSample", "ConfigureSample\ConfigureSample.csproj", "{87705B87-5781-445A-9448-9B09CFBA97B8}"
EndProject
Project("{FAE04EC0-301F-11D3-BF4B-00C04F79EFBC}") = "TypedConfigurationSample", "TypedConfigurationSample\TypedConfigurationSample.csproj", "{B3092A88-252B-4BF8-9F50-CAD2EB9AA448}"
EndProject
Global
	GlobalSection(SolutionConfigurationPlatforms) = preSolution
		Debug|Any CPU = Debug|Any CPU
		Release|Any CPU = Release|Any CPU
	EndGlobalSection
	GlobalSection(ProjectConfigurationPlatforms) = postSolution
		{21F6A467-F23C-4A36-95A0-3A80A2438D80}.Debug|Any CPU.ActiveCfg = Debug|Any CPU
		{21F6A467-F23C-4A36-95A0-3A80A2438D80}.Debug|Any CPU.Build.0 = Debug|Any CPU
		{21F6A467-F23C-4A36-95A0-3A80A2438D80}.Release|Any CPU.ActiveCfg = Release|Any CPU
		{21F6A467-F23C-4A36-95A0-3A80A2438D80}.Release|Any CPU.Build.0 = Release|Any CPU
		{02764843-2A3C-46CF-9D05-C765BFF9F5BE}.Debug|Any CPU.ActiveCfg = Debug|Any CPU
		{02764843-2A3C-46CF-9D05-C765BFF9F5BE}.Debug|Any CPU.Build.0 = Debug|Any CPU
		{02764843-2A3C-46CF-9D05-C765BFF9F5BE}.Release|Any CPU.ActiveCfg = Release|Any CPU
		{02764843-2A3C-46CF-9D05-C765BFF9F5BE}.Release|Any CPU.Build.0 = Release|Any CPU
		{53C45894-7797-4E28-8CB4-3B283F6EB7DF}.Debug|Any CPU.ActiveCfg = Debug|Any CPU
		{53C45894-7797-4E28-8CB4-3B283F6EB7DF}.Debug|Any CPU.Build.0 = Debug|Any CPU
		{53C45894-7797-4E28-8CB4-3B283F6EB7DF}.Release|Any CPU.ActiveCfg = Release|Any CPU
		{53C45894-7797-4E28-8CB4-3B283F6EB7DF}.Release|Any CPU.Build.0 = Release|Any CPU
		{4A019C1F-28E6-4878-94B0-2E510B6668D7}.Debug|Any CPU.ActiveCfg = Debug|Any CPU
		{4A019C1F-28E6-4878-94B0-2E510B6668D7}.Debug|Any CPU.Build.0 = Debug|Any CPU
		{4A019C1F-28E6-4878-94B0-2E510B6668D7}.Release|Any CPU.ActiveCfg = Release|Any CPU
		{4A019C1F-28E6-4878-94B0-2E510B6668D7}.Release|Any CPU.Build.0 = Release|Any CPU
		{A23DA4DC-37CF-49D6-B0D1-FE4AFBE57881}.Debug|Any CPU.ActiveCfg = Debug|Any CPU
		{A23DA4DC-37CF-49D6-B0D1-FE4AFBE57881}.Debug|Any CPU.Build.0 = Debug|Any CPU
		{A23DA4DC-37CF-49D6-B0D1-FE4AFBE57881}.Release|Any CPU.ActiveCfg = Release|Any CPU
		{A23DA4DC-37CF-49D6-B0D1-FE4AFBE57881}.Release|Any CPU.Build.0 = Release|Any CPU
		{139F7FE3-D197-4FA6-9C63-0F23D6A112FB}.Debug|Any CPU.ActiveCfg = Debug|Any CPU
		{139F7FE3-D197-4FA6-9C63-0F23D6A112FB}.Debug|Any CPU.Build.0 = Debug|Any CPU
		{139F7FE3-D197-4FA6-9C63-0F23D6A112FB}.Release|Any CPU.ActiveCfg = Release|Any CPU
		{139F7FE3-D197-4FA6-9C63-0F23D6A112FB}.Release|Any CPU.Build.0 = Release|Any CPU
		{59178DB6-094E-4471-85C2-D8D785FECCFF}.Debug|Any CPU.ActiveCfg = Debug|Any CPU
		{59178DB6-094E-4471-85C2-D8D785FECCFF}.Debug|Any CPU.Build.0 = Debug|Any CPU
		{59178DB6-094E-4471-85C2-D8D785FECCFF}.Release|Any CPU.ActiveCfg = Release|Any CPU
		{59178DB6-094E-4471-85C2-D8D785FECCFF}.Release|Any CPU.Build.0 = Release|Any CPU
		{0705A486-8DE8-4498-A60E-DB52499F8661}.Debug|Any CPU.ActiveCfg = Debug|Any CPU
		{0705A486-8DE8-4498-A60E-DB52499F8661}.Debug|Any CPU.Build.0 = Debug|Any CPU
		{0705A486-8DE8-4498-A60E-DB52499F8661}.Release|Any CPU.ActiveCfg = Release|Any CPU
		{0705A486-8DE8-4498-A60E-DB52499F8661}.Release|Any CPU.Build.0 = Release|Any CPU
		{739C815A-7244-4353-BAAA-526E484DCF8C}.Debug|Any CPU.ActiveCfg = Debug|Any CPU
		{739C815A-7244-4353-BAAA-526E484DCF8C}.Debug|Any CPU.Build.0 = Debug|Any CPU
		{739C815A-7244-4353-BAAA-526E484DCF8C}.Release|Any CPU.ActiveCfg = Release|Any CPU
		{739C815A-7244-4353-BAAA-526E484DCF8C}.Release|Any CPU.Build.0 = Release|Any CPU
		{87705B87-5781-445A-9448-9B09CFBA97B8}.Debug|Any CPU.ActiveCfg = Debug|Any CPU
		{87705B87-5781-445A-9448-9B09CFBA97B8}.Debug|Any CPU.Build.0 = Debug|Any CPU
		{87705B87-5781-445A-9448-9B09CFBA97B8}.Release|Any CPU.ActiveCfg = Release|Any CPU
		{87705B87-5781-445A-9448-9B09CFBA97B8}.Release|Any CPU.Build.0 = Release|Any CPU
		{B3092A88-252B-4BF8-9F50-CAD2EB9AA448}.Debug|Any CPU.ActiveCfg = Debug|Any CPU
		{B3092A88-252B-4BF8-9F50-CAD2EB9AA448}.Debug|Any CPU.Build.0 = Debug|Any CPU
		{B3092A88-252B-4BF8-9F50-CAD2EB9AA448}.Release|Any CPU.ActiveCfg = Release|Any CPU
		{B3092A88-252B-4BF8-9F50-CAD2EB9AA448}.Release|Any CPU.Build.0 = Release|Any CPU
	EndGlobalSection
	GlobalSection(SolutionProperties) = preSolution
		HideSolutionNode = FALSE
	EndGlobalSection
	GlobalSection(NestedProjects) = preSolution
		{21F6A467-F23C-4A36-95A0-3A80A2438D80} = {D2D5F7B2-1929-4E3F-B19C-857F110B8C08}
		{02764843-2A3C-46CF-9D05-C765BFF9F5BE} = {F8EFBC90-5B91-4012-A90A-CB30640C6BF7}
		{53C45894-7797-4E28-8CB4-3B283F6EB7DF} = {F8EFBC90-5B91-4012-A90A-CB30640C6BF7}
		{4A019C1F-28E6-4878-94B0-2E510B6668D7} = {F8EFBC90-5B91-4012-A90A-CB30640C6BF7}
		{A23DA4DC-37CF-49D6-B0D1-FE4AFBE57881} = {F8EFBC90-5B91-4012-A90A-CB30640C6BF7}
		{139F7FE3-D197-4FA6-9C63-0F23D6A112FB} = {F8EFBC90-5B91-4012-A90A-CB30640C6BF7}
		{FD75F60D-F1C8-4A6A-950B-E463DB508E67} = {3004AE4F-9AF7-47AA-8D52-28172FBA2AC3}
		{3AB09E62-15C7-4524-85A0-218282F1E9F5} = {3004AE4F-9AF7-47AA-8D52-28172FBA2AC3}
		{8DBDA84B-F3DA-4AA6-8C43-722D7AF2B92B} = {3004AE4F-9AF7-47AA-8D52-28172FBA2AC3}
		{506279F0-A826-44E5-B610-F91E83B4F9C7} = {3004AE4F-9AF7-47AA-8D52-28172FBA2AC3}
		{91E6AAA9-041A-464A-97D0-69F56CED9A94} = {3004AE4F-9AF7-47AA-8D52-28172FBA2AC3}
		{78102F79-0D09-47D2-B745-4523C7C58324} = {3004AE4F-9AF7-47AA-8D52-28172FBA2AC3}
		{F96B26BA-9E6F-4A88-99D1-B97A40B630E1} = {3004AE4F-9AF7-47AA-8D52-28172FBA2AC3}
		{675902B7-4FF1-4E89-85B7-2D4126F292DC} = {3004AE4F-9AF7-47AA-8D52-28172FBA2AC3}
		{A2BE1A60-00BA-4A15-9F3A-E7AF66879234} = {3004AE4F-9AF7-47AA-8D52-28172FBA2AC3}
		{59178DB6-094E-4471-85C2-D8D785FECCFF} = {FD75F60D-F1C8-4A6A-950B-E463DB508E67}
		{0705A486-8DE8-4498-A60E-DB52499F8661} = {FD75F60D-F1C8-4A6A-950B-E463DB508E67}
		{879C0AED-1212-45E1-8CEB-91C750FEB9DC} = {3004AE4F-9AF7-47AA-8D52-28172FBA2AC3}
		{739C815A-7244-4353-BAAA-526E484DCF8C} = {879C0AED-1212-45E1-8CEB-91C750FEB9DC}
	EndGlobalSection
	GlobalSection(ExtensibilityGlobals) = postSolution
		SolutionGuid = {920E30E5-AA16-44B9-B383-6BB63F540120}
	EndGlobalSection
EndGlobal
